
Microsoft Visual Studio Solution File, Format Version 12.00
# Visual Studio Version 16
VisualStudioVersion = 16.0.29613.14
MinimumVisualStudioVersion = 10.0.40219.1
Project("{FAE04EC0-301F-11D3-BF4B-00C04F79EFBC}") = "STU.BaseLayer", "STU.BaseLayer\STU.BaseLayer.csproj", "{3EDC595B-BE69-41EB-84B9-8ECAB3D7DDA5}"
EndProject
Project("{FAE04EC0-301F-11D3-BF4B-00C04F79EFBC}") = "STU.DataLayer", "STA.DataLayer\STU.DataLayer.csproj", "{825BB7B4-1F49-4F9E-84C3-BF6C29E52CA6}"
EndProject
Project("{FAE04EC0-301F-11D3-BF4B-00C04F79EFBC}") = "STU.ActionLayer", "STU.ActionLayer\STU.ActionLayer.csproj", "{32A71069-8E7C-43E9-ADC7-9CE96F1DB05F}"
EndProject
Project("{FAE04EC0-301F-11D3-BF4B-00C04F79EFBC}") = "STU.DBServices", "STU.DBServices\STU.DBServices.csproj", "{D9C7D490-D087-4470-970B-649AC3E44D60}"
EndProject
Project("{FAE04EC0-301F-11D3-BF4B-00C04F79EFBC}") = "STU.Utility", "STU.Utility\STU.Utility.csproj", "{0215F579-4010-4A0F-BC87-4F37697438E1}"
EndProject
Project("{FAE04EC0-301F-11D3-BF4B-00C04F79EFBC}") = "StudentAppWebsite", "StudentAppWebsite\StudentAppWebsite.csproj", "{22BDE6A0-5C1B-48C3-A606-1C65FD50168F}"
EndProject
Global
	GlobalSection(SolutionConfigurationPlatforms) = preSolution
		Debug|Android = Debug|Android
		Debug|Any CPU = Debug|Any CPU
		Debug|iOS = Debug|iOS
		Debug|Windows-AnyCPU = Debug|Windows-AnyCPU
		Debug|Windows-ARM = Debug|Windows-ARM
		Debug|Windows-x64 = Debug|Windows-x64
		Debug|Windows-x86 = Debug|Windows-x86
		Debug|x64 = Debug|x64
		Release|Android = Release|Android
		Release|Any CPU = Release|Any CPU
		Release|iOS = Release|iOS
		Release|Windows-AnyCPU = Release|Windows-AnyCPU
		Release|Windows-ARM = Release|Windows-ARM
		Release|Windows-x64 = Release|Windows-x64
		Release|Windows-x86 = Release|Windows-x86
		Release|x64 = Release|x64
	EndGlobalSection
	GlobalSection(ProjectConfigurationPlatforms) = postSolution
		{3EDC595B-BE69-41EB-84B9-8ECAB3D7DDA5}.Debug|Android.ActiveCfg = Debug|Any CPU
		{3EDC595B-BE69-41EB-84B9-8ECAB3D7DDA5}.Debug|Android.Build.0 = Debug|Any CPU
		{3EDC595B-BE69-41EB-84B9-8ECAB3D7DDA5}.Debug|Any CPU.ActiveCfg = Debug|Any CPU
		{3EDC595B-BE69-41EB-84B9-8ECAB3D7DDA5}.Debug|Any CPU.Build.0 = Debug|Any CPU
		{3EDC595B-BE69-41EB-84B9-8ECAB3D7DDA5}.Debug|iOS.ActiveCfg = Debug|Any CPU
		{3EDC595B-BE69-41EB-84B9-8ECAB3D7DDA5}.Debug|iOS.Build.0 = Debug|Any CPU
		{3EDC595B-BE69-41EB-84B9-8ECAB3D7DDA5}.Debug|Windows-AnyCPU.ActiveCfg = Debug|Any CPU
		{3EDC595B-BE69-41EB-84B9-8ECAB3D7DDA5}.Debug|Windows-AnyCPU.Build.0 = Debug|Any CPU
		{3EDC595B-BE69-41EB-84B9-8ECAB3D7DDA5}.Debug|Windows-ARM.ActiveCfg = Debug|Any CPU
		{3EDC595B-BE69-41EB-84B9-8ECAB3D7DDA5}.Debug|Windows-ARM.Build.0 = Debug|Any CPU
		{3EDC595B-BE69-41EB-84B9-8ECAB3D7DDA5}.Debug|Windows-x64.ActiveCfg = Debug|Any CPU
		{3EDC595B-BE69-41EB-84B9-8ECAB3D7DDA5}.Debug|Windows-x64.Build.0 = Debug|Any CPU
		{3EDC595B-BE69-41EB-84B9-8ECAB3D7DDA5}.Debug|Windows-x86.ActiveCfg = Debug|Any CPU
		{3EDC595B-BE69-41EB-84B9-8ECAB3D7DDA5}.Debug|Windows-x86.Build.0 = Debug|Any CPU
		{3EDC595B-BE69-41EB-84B9-8ECAB3D7DDA5}.Debug|x64.ActiveCfg = Debug|Any CPU
		{3EDC595B-BE69-41EB-84B9-8ECAB3D7DDA5}.Debug|x64.Build.0 = Debug|Any CPU
		{3EDC595B-BE69-41EB-84B9-8ECAB3D7DDA5}.Release|Android.ActiveCfg = Release|Any CPU
		{3EDC595B-BE69-41EB-84B9-8ECAB3D7DDA5}.Release|Android.Build.0 = Release|Any CPU
		{3EDC595B-BE69-41EB-84B9-8ECAB3D7DDA5}.Release|Any CPU.ActiveCfg = Release|Any CPU
		{3EDC595B-BE69-41EB-84B9-8ECAB3D7DDA5}.Release|Any CPU.Build.0 = Release|Any CPU
		{3EDC595B-BE69-41EB-84B9-8ECAB3D7DDA5}.Release|iOS.ActiveCfg = Release|Any CPU
		{3EDC595B-BE69-41EB-84B9-8ECAB3D7DDA5}.Release|iOS.Build.0 = Release|Any CPU
		{3EDC595B-BE69-41EB-84B9-8ECAB3D7DDA5}.Release|Windows-AnyCPU.ActiveCfg = Release|Any CPU
		{3EDC595B-BE69-41EB-84B9-8ECAB3D7DDA5}.Release|Windows-AnyCPU.Build.0 = Release|Any CPU
		{3EDC595B-BE69-41EB-84B9-8ECAB3D7DDA5}.Release|Windows-ARM.ActiveCfg = Release|Any CPU
		{3EDC595B-BE69-41EB-84B9-8ECAB3D7DDA5}.Release|Windows-ARM.Build.0 = Release|Any CPU
		{3EDC595B-BE69-41EB-84B9-8ECAB3D7DDA5}.Release|Windows-x64.ActiveCfg = Release|Any CPU
		{3EDC595B-BE69-41EB-84B9-8ECAB3D7DDA5}.Release|Windows-x64.Build.0 = Release|Any CPU
		{3EDC595B-BE69-41EB-84B9-8ECAB3D7DDA5}.Release|Windows-x86.ActiveCfg = Release|Any CPU
		{3EDC595B-BE69-41EB-84B9-8ECAB3D7DDA5}.Release|Windows-x86.Build.0 = Release|Any CPU
		{3EDC595B-BE69-41EB-84B9-8ECAB3D7DDA5}.Release|x64.ActiveCfg = Release|Any CPU
		{3EDC595B-BE69-41EB-84B9-8ECAB3D7DDA5}.Release|x64.Build.0 = Release|Any CPU
		{825BB7B4-1F49-4F9E-84C3-BF6C29E52CA6}.Debug|Android.ActiveCfg = Debug|Any CPU
		{825BB7B4-1F49-4F9E-84C3-BF6C29E52CA6}.Debug|Android.Build.0 = Debug|Any CPU
		{825BB7B4-1F49-4F9E-84C3-BF6C29E52CA6}.Debug|Any CPU.ActiveCfg = Debug|Any CPU
		{825BB7B4-1F49-4F9E-84C3-BF6C29E52CA6}.Debug|Any CPU.Build.0 = Debug|Any CPU
		{825BB7B4-1F49-4F9E-84C3-BF6C29E52CA6}.Debug|iOS.ActiveCfg = Debug|Any CPU
		{825BB7B4-1F49-4F9E-84C3-BF6C29E52CA6}.Debug|iOS.Build.0 = Debug|Any CPU
		{825BB7B4-1F49-4F9E-84C3-BF6C29E52CA6}.Debug|Windows-AnyCPU.ActiveCfg = Debug|Any CPU
		{825BB7B4-1F49-4F9E-84C3-BF6C29E52CA6}.Debug|Windows-AnyCPU.Build.0 = Debug|Any CPU
		{825BB7B4-1F49-4F9E-84C3-BF6C29E52CA6}.Debug|Windows-ARM.ActiveCfg = Debug|Any CPU
		{825BB7B4-1F49-4F9E-84C3-BF6C29E52CA6}.Debug|Windows-ARM.Build.0 = Debug|Any CPU
		{825BB7B4-1F49-4F9E-84C3-BF6C29E52CA6}.Debug|Windows-x64.ActiveCfg = Debug|Any CPU
		{825BB7B4-1F49-4F9E-84C3-BF6C29E52CA6}.Debug|Windows-x64.Build.0 = Debug|Any CPU
		{825BB7B4-1F49-4F9E-84C3-BF6C29E52CA6}.Debug|Windows-x86.ActiveCfg = Debug|Any CPU
		{825BB7B4-1F49-4F9E-84C3-BF6C29E52CA6}.Debug|Windows-x86.Build.0 = Debug|Any CPU
		{825BB7B4-1F49-4F9E-84C3-BF6C29E52CA6}.Debug|x64.ActiveCfg = Debug|Any CPU
		{825BB7B4-1F49-4F9E-84C3-BF6C29E52CA6}.Debug|x64.Build.0 = Debug|Any CPU
		{825BB7B4-1F49-4F9E-84C3-BF6C29E52CA6}.Release|Android.ActiveCfg = Release|Any CPU
		{825BB7B4-1F49-4F9E-84C3-BF6C29E52CA6}.Release|Android.Build.0 = Release|Any CPU
		{825BB7B4-1F49-4F9E-84C3-BF6C29E52CA6}.Release|Any CPU.ActiveCfg = Release|Any CPU
		{825BB7B4-1F49-4F9E-84C3-BF6C29E52CA6}.Release|Any CPU.Build.0 = Release|Any CPU
		{825BB7B4-1F49-4F9E-84C3-BF6C29E52CA6}.Release|iOS.ActiveCfg = Release|Any CPU
		{825BB7B4-1F49-4F9E-84C3-BF6C29E52CA6}.Release|iOS.Build.0 = Release|Any CPU
		{825BB7B4-1F49-4F9E-84C3-BF6C29E52CA6}.Release|Windows-AnyCPU.ActiveCfg = Release|Any CPU
		{825BB7B4-1F49-4F9E-84C3-BF6C29E52CA6}.Release|Windows-AnyCPU.Build.0 = Release|Any CPU
		{825BB7B4-1F49-4F9E-84C3-BF6C29E52CA6}.Release|Windows-ARM.ActiveCfg = Release|Any CPU
		{825BB7B4-1F49-4F9E-84C3-BF6C29E52CA6}.Release|Windows-ARM.Build.0 = Release|Any CPU
		{825BB7B4-1F49-4F9E-84C3-BF6C29E52CA6}.Release|Windows-x64.ActiveCfg = Release|Any CPU
		{825BB7B4-1F49-4F9E-84C3-BF6C29E52CA6}.Release|Windows-x64.Build.0 = Release|Any CPU
		{825BB7B4-1F49-4F9E-84C3-BF6C29E52CA6}.Release|Windows-x86.ActiveCfg = Release|Any CPU
		{825BB7B4-1F49-4F9E-84C3-BF6C29E52CA6}.Release|Windows-x86.Build.0 = Release|Any CPU
		{825BB7B4-1F49-4F9E-84C3-BF6C29E52CA6}.Release|x64.ActiveCfg = Release|Any CPU
		{825BB7B4-1F49-4F9E-84C3-BF6C29E52CA6}.Release|x64.Build.0 = Release|Any CPU
		{32A71069-8E7C-43E9-ADC7-9CE96F1DB05F}.Debug|Android.ActiveCfg = Debug|Any CPU
		{32A71069-8E7C-43E9-ADC7-9CE96F1DB05F}.Debug|Android.Build.0 = Debug|Any CPU
		{32A71069-8E7C-43E9-ADC7-9CE96F1DB05F}.Debug|Any CPU.ActiveCfg = Debug|Any CPU
		{32A71069-8E7C-43E9-ADC7-9CE96F1DB05F}.Debug|Any CPU.Build.0 = Debug|Any CPU
		{32A71069-8E7C-43E9-ADC7-9CE96F1DB05F}.Debug|iOS.ActiveCfg = Debug|Any CPU
		{32A71069-8E7C-43E9-ADC7-9CE96F1DB05F}.Debug|iOS.Build.0 = Debug|Any CPU
		{32A71069-8E7C-43E9-ADC7-9CE96F1DB05F}.Debug|Windows-AnyCPU.ActiveCfg = Debug|Any CPU
		{32A71069-8E7C-43E9-ADC7-9CE96F1DB05F}.Debug|Windows-AnyCPU.Build.0 = Debug|Any CPU
		{32A71069-8E7C-43E9-ADC7-9CE96F1DB05F}.Debug|Windows-ARM.ActiveCfg = Debug|Any CPU
		{32A71069-8E7C-43E9-ADC7-9CE96F1DB05F}.Debug|Windows-ARM.Build.0 = Debug|Any CPU
		{32A71069-8E7C-43E9-ADC7-9CE96F1DB05F}.Debug|Windows-x64.ActiveCfg = Debug|Any CPU
		{32A71069-8E7C-43E9-ADC7-9CE96F1DB05F}.Debug|Windows-x64.Build.0 = Debug|Any CPU
		{32A71069-8E7C-43E9-ADC7-9CE96F1DB05F}.Debug|Windows-x86.ActiveCfg = Debug|Any CPU
		{32A71069-8E7C-43E9-ADC7-9CE96F1DB05F}.Debug|Windows-x86.Build.0 = Debug|Any CPU
		{32A71069-8E7C-43E9-ADC7-9CE96F1DB05F}.Debug|x64.ActiveCfg = Debug|Any CPU
		{32A71069-8E7C-43E9-ADC7-9CE96F1DB05F}.Debug|x64.Build.0 = Debug|Any CPU
		{32A71069-8E7C-43E9-ADC7-9CE96F1DB05F}.Release|Android.ActiveCfg = Release|Any CPU
		{32A71069-8E7C-43E9-ADC7-9CE96F1DB05F}.Release|Android.Build.0 = Release|Any CPU
		{32A71069-8E7C-43E9-ADC7-9CE96F1DB05F}.Release|Any CPU.ActiveCfg = Release|Any CPU
		{32A71069-8E7C-43E9-ADC7-9CE96F1DB05F}.Release|Any CPU.Build.0 = Release|Any CPU
		{32A71069-8E7C-43E9-ADC7-9CE96F1DB05F}.Release|iOS.ActiveCfg = Release|Any CPU
		{32A71069-8E7C-43E9-ADC7-9CE96F1DB05F}.Release|iOS.Build.0 = Release|Any CPU
		{32A71069-8E7C-43E9-ADC7-9CE96F1DB05F}.Release|Windows-AnyCPU.ActiveCfg = Release|Any CPU
		{32A71069-8E7C-43E9-ADC7-9CE96F1DB05F}.Release|Windows-AnyCPU.Build.0 = Release|Any CPU
		{32A71069-8E7C-43E9-ADC7-9CE96F1DB05F}.Release|Windows-ARM.ActiveCfg = Release|Any CPU
		{32A71069-8E7C-43E9-ADC7-9CE96F1DB05F}.Release|Windows-ARM.Build.0 = Release|Any CPU
		{32A71069-8E7C-43E9-ADC7-9CE96F1DB05F}.Release|Windows-x64.ActiveCfg = Release|Any CPU
		{32A71069-8E7C-43E9-ADC7-9CE96F1DB05F}.Release|Windows-x64.Build.0 = Release|Any CPU
		{32A71069-8E7C-43E9-ADC7-9CE96F1DB05F}.Release|Windows-x86.ActiveCfg = Release|Any CPU
		{32A71069-8E7C-43E9-ADC7-9CE96F1DB05F}.Release|Windows-x86.Build.0 = Release|Any CPU
		{32A71069-8E7C-43E9-ADC7-9CE96F1DB05F}.Release|x64.ActiveCfg = Release|Any CPU
		{32A71069-8E7C-43E9-ADC7-9CE96F1DB05F}.Release|x64.Build.0 = Release|Any CPU
		{D9C7D490-D087-4470-970B-649AC3E44D60}.Debug|Android.ActiveCfg = Debug|Any CPU
		{D9C7D490-D087-4470-970B-649AC3E44D60}.Debug|Android.Build.0 = Debug|Any CPU
		{D9C7D490-D087-4470-970B-649AC3E44D60}.Debug|Any CPU.ActiveCfg = Debug|Any CPU
		{D9C7D490-D087-4470-970B-649AC3E44D60}.Debug|Any CPU.Build.0 = Debug|Any CPU
		{D9C7D490-D087-4470-970B-649AC3E44D60}.Debug|iOS.ActiveCfg = Debug|Any CPU
		{D9C7D490-D087-4470-970B-649AC3E44D60}.Debug|iOS.Build.0 = Debug|Any CPU
		{D9C7D490-D087-4470-970B-649AC3E44D60}.Debug|Windows-AnyCPU.ActiveCfg = Debug|Any CPU
		{D9C7D490-D087-4470-970B-649AC3E44D60}.Debug|Windows-AnyCPU.Build.0 = Debug|Any CPU
		{D9C7D490-D087-4470-970B-649AC3E44D60}.Debug|Windows-ARM.ActiveCfg = Debug|Any CPU
		{D9C7D490-D087-4470-970B-649AC3E44D60}.Debug|Windows-ARM.Build.0 = Debug|Any CPU
		{D9C7D490-D087-4470-970B-649AC3E44D60}.Debug|Windows-x64.ActiveCfg = Debug|Any CPU
		{D9C7D490-D087-4470-970B-649AC3E44D60}.Debug|Windows-x64.Build.0 = Debug|Any CPU
		{D9C7D490-D087-4470-970B-649AC3E44D60}.Debug|Windows-x86.ActiveCfg = Debug|Any CPU
		{D9C7D490-D087-4470-970B-649AC3E44D60}.Debug|Windows-x86.Build.0 = Debug|Any CPU
		{D9C7D490-D087-4470-970B-649AC3E44D60}.Debug|x64.ActiveCfg = Debug|Any CPU
		{D9C7D490-D087-4470-970B-649AC3E44D60}.Debug|x64.Build.0 = Debug|Any CPU
		{D9C7D490-D087-4470-970B-649AC3E44D60}.Release|Android.ActiveCfg = Release|Any CPU
		{D9C7D490-D087-4470-970B-649AC3E44D60}.Release|Android.Build.0 = Release|Any CPU
		{D9C7D490-D087-4470-970B-649AC3E44D60}.Release|Any CPU.ActiveCfg = Release|Any CPU
		{D9C7D490-D087-4470-970B-649AC3E44D60}.Release|Any CPU.Build.0 = Release|Any CPU
		{D9C7D490-D087-4470-970B-649AC3E44D60}.Release|iOS.ActiveCfg = Release|Any CPU
		{D9C7D490-D087-4470-970B-649AC3E44D60}.Release|iOS.Build.0 = Release|Any CPU
		{D9C7D490-D087-4470-970B-649AC3E44D60}.Release|Windows-AnyCPU.ActiveCfg = Release|Any CPU
		{D9C7D490-D087-4470-970B-649AC3E44D60}.Release|Windows-AnyCPU.Build.0 = Release|Any CPU
		{D9C7D490-D087-4470-970B-649AC3E44D60}.Release|Windows-ARM.ActiveCfg = Release|Any CPU
		{D9C7D490-D087-4470-970B-649AC3E44D60}.Release|Windows-ARM.Build.0 = Release|Any CPU
		{D9C7D490-D087-4470-970B-649AC3E44D60}.Release|Windows-x64.ActiveCfg = Release|Any CPU
		{D9C7D490-D087-4470-970B-649AC3E44D60}.Release|Windows-x64.Build.0 = Release|Any CPU
		{D9C7D490-D087-4470-970B-649AC3E44D60}.Release|Windows-x86.ActiveCfg = Release|Any CPU
		{D9C7D490-D087-4470-970B-649AC3E44D60}.Release|Windows-x86.Build.0 = Release|Any CPU
		{D9C7D490-D087-4470-970B-649AC3E44D60}.Release|x64.ActiveCfg = Release|Any CPU
		{D9C7D490-D087-4470-970B-649AC3E44D60}.Release|x64.Build.0 = Release|Any CPU
		{0215F579-4010-4A0F-BC87-4F37697438E1}.Debug|Android.ActiveCfg = Debug|Any CPU
		{0215F579-4010-4A0F-BC87-4F37697438E1}.Debug|Android.Build.0 = Debug|Any CPU
		{0215F579-4010-4A0F-BC87-4F37697438E1}.Debug|Any CPU.ActiveCfg = Debug|Any CPU
		{0215F579-4010-4A0F-BC87-4F37697438E1}.Debug|Any CPU.Build.0 = Debug|Any CPU
		{0215F579-4010-4A0F-BC87-4F37697438E1}.Debug|iOS.ActiveCfg = Debug|Any CPU
		{0215F579-4010-4A0F-BC87-4F37697438E1}.Debug|iOS.Build.0 = Debug|Any CPU
		{0215F579-4010-4A0F-BC87-4F37697438E1}.Debug|Windows-AnyCPU.ActiveCfg = Debug|Any CPU
		{0215F579-4010-4A0F-BC87-4F37697438E1}.Debug|Windows-AnyCPU.Build.0 = Debug|Any CPU
		{0215F579-4010-4A0F-BC87-4F37697438E1}.Debug|Windows-ARM.ActiveCfg = Debug|Any CPU
		{0215F579-4010-4A0F-BC87-4F37697438E1}.Debug|Windows-ARM.Build.0 = Debug|Any CPU
		{0215F579-4010-4A0F-BC87-4F37697438E1}.Debug|Windows-x64.ActiveCfg = Debug|Any CPU
		{0215F579-4010-4A0F-BC87-4F37697438E1}.Debug|Windows-x64.Build.0 = Debug|Any CPU
		{0215F579-4010-4A0F-BC87-4F37697438E1}.Debug|Windows-x86.ActiveCfg = Debug|Any CPU
		{0215F579-4010-4A0F-BC87-4F37697438E1}.Debug|Windows-x86.Build.0 = Debug|Any CPU
		{0215F579-4010-4A0F-BC87-4F37697438E1}.Debug|x64.ActiveCfg = Debug|Any CPU
		{0215F579-4010-4A0F-BC87-4F37697438E1}.Debug|x64.Build.0 = Debug|Any CPU
		{0215F579-4010-4A0F-BC87-4F37697438E1}.Release|Android.ActiveCfg = Release|Any CPU
		{0215F579-4010-4A0F-BC87-4F37697438E1}.Release|Android.Build.0 = Release|Any CPU
		{0215F579-4010-4A0F-BC87-4F37697438E1}.Release|Any CPU.ActiveCfg = Release|Any CPU
		{0215F579-4010-4A0F-BC87-4F37697438E1}.Release|Any CPU.Build.0 = Release|Any CPU
		{0215F579-4010-4A0F-BC87-4F37697438E1}.Release|iOS.ActiveCfg = Release|Any CPU
		{0215F579-4010-4A0F-BC87-4F37697438E1}.Release|iOS.Build.0 = Release|Any CPU
		{0215F579-4010-4A0F-BC87-4F37697438E1}.Release|Windows-AnyCPU.ActiveCfg = Release|Any CPU
		{0215F579-4010-4A0F-BC87-4F37697438E1}.Release|Windows-AnyCPU.Build.0 = Release|Any CPU
		{0215F579-4010-4A0F-BC87-4F37697438E1}.Release|Windows-ARM.ActiveCfg = Release|Any CPU
		{0215F579-4010-4A0F-BC87-4F37697438E1}.Release|Windows-ARM.Build.0 = Release|Any CPU
		{0215F579-4010-4A0F-BC87-4F37697438E1}.Release|Windows-x64.ActiveCfg = Release|Any CPU
		{0215F579-4010-4A0F-BC87-4F37697438E1}.Release|Windows-x64.Build.0 = Release|Any CPU
		{0215F579-4010-4A0F-BC87-4F37697438E1}.Release|Windows-x86.ActiveCfg = Release|Any CPU
		{0215F579-4010-4A0F-BC87-4F37697438E1}.Release|Windows-x86.Build.0 = Release|Any CPU
		{0215F579-4010-4A0F-BC87-4F37697438E1}.Release|x64.ActiveCfg = Release|Any CPU
		{0215F579-4010-4A0F-BC87-4F37697438E1}.Release|x64.Build.0 = Release|Any CPU
		{22BDE6A0-5C1B-48C3-A606-1C65FD50168F}.Debug|Android.ActiveCfg = Debug|Any CPU
		{22BDE6A0-5C1B-48C3-A606-1C65FD50168F}.Debug|Android.Build.0 = Debug|Any CPU
		{22BDE6A0-5C1B-48C3-A606-1C65FD50168F}.Debug|Any CPU.ActiveCfg = Debug|Any CPU
		{22BDE6A0-5C1B-48C3-A606-1C65FD50168F}.Debug|Any CPU.Build.0 = Debug|Any CPU
		{22BDE6A0-5C1B-48C3-A606-1C65FD50168F}.Debug|iOS.ActiveCfg = Debug|Any CPU
		{22BDE6A0-5C1B-48C3-A606-1C65FD50168F}.Debug|iOS.Build.0 = Debug|Any CPU
		{22BDE6A0-5C1B-48C3-A606-1C65FD50168F}.Debug|Windows-AnyCPU.ActiveCfg = Debug|Any CPU
		{22BDE6A0-5C1B-48C3-A606-1C65FD50168F}.Debug|Windows-AnyCPU.Build.0 = Debug|Any CPU
		{22BDE6A0-5C1B-48C3-A606-1C65FD50168F}.Debug|Windows-ARM.ActiveCfg = Debug|Any CPU
		{22BDE6A0-5C1B-48C3-A606-1C65FD50168F}.Debug|Windows-ARM.Build.0 = Debug|Any CPU
		{22BDE6A0-5C1B-48C3-A606-1C65FD50168F}.Debug|Windows-x64.ActiveCfg = Debug|Any CPU
		{22BDE6A0-5C1B-48C3-A606-1C65FD50168F}.Debug|Windows-x64.Build.0 = Debug|Any CPU
		{22BDE6A0-5C1B-48C3-A606-1C65FD50168F}.Debug|Windows-x86.ActiveCfg = Debug|Any CPU
		{22BDE6A0-5C1B-48C3-A606-1C65FD50168F}.Debug|Windows-x86.Build.0 = Debug|Any CPU
		{22BDE6A0-5C1B-48C3-A606-1C65FD50168F}.Debug|x64.ActiveCfg = Debug|Any CPU
		{22BDE6A0-5C1B-48C3-A606-1C65FD50168F}.Debug|x64.Build.0 = Debug|Any CPU
		{22BDE6A0-5C1B-48C3-A606-1C65FD50168F}.Release|Android.ActiveCfg = Release|Any CPU
		{22BDE6A0-5C1B-48C3-A606-1C65FD50168F}.Release|Android.Build.0 = Release|Any CPU
		{22BDE6A0-5C1B-48C3-A606-1C65FD50168F}.Release|Any CPU.ActiveCfg = Release|Any CPU
		{22BDE6A0-5C1B-48C3-A606-1C65FD50168F}.Release|Any CPU.Build.0 = Release|Any CPU
		{22BDE6A0-5C1B-48C3-A606-1C65FD50168F}.Release|iOS.ActiveCfg = Release|Any CPU
		{22BDE6A0-5C1B-48C3-A606-1C65FD50168F}.Release|iOS.Build.0 = Release|Any CPU
		{22BDE6A0-5C1B-48C3-A606-1C65FD50168F}.Release|Windows-AnyCPU.ActiveCfg = Release|Any CPU
		{22BDE6A0-5C1B-48C3-A606-1C65FD50168F}.Release|Windows-AnyCPU.Build.0 = Release|Any CPU
		{22BDE6A0-5C1B-48C3-A606-1C65FD50168F}.Release|Windows-ARM.ActiveCfg = Release|Any CPU
		{22BDE6A0-5C1B-48C3-A606-1C65FD50168F}.Release|Windows-ARM.Build.0 = Release|Any CPU
		{22BDE6A0-5C1B-48C3-A606-1C65FD50168F}.Release|Windows-x64.ActiveCfg = Release|Any CPU
		{22BDE6A0-5C1B-48C3-A606-1C65FD50168F}.Release|Windows-x64.Build.0 = Release|Any CPU
		{22BDE6A0-5C1B-48C3-A606-1C65FD50168F}.Release|Windows-x86.ActiveCfg = Release|Any CPU
		{22BDE6A0-5C1B-48C3-A606-1C65FD50168F}.Release|Windows-x86.Build.0 = Release|Any CPU
		{22BDE6A0-5C1B-48C3-A606-1C65FD50168F}.Release|x64.ActiveCfg = Release|x64
		{22BDE6A0-5C1B-48C3-A606-1C65FD50168F}.Release|x64.Build.0 = Release|x64
	EndGlobalSection
	GlobalSection(SolutionProperties) = preSolution
		HideSolutionNode = FALSE
	EndGlobalSection
	GlobalSection(ExtensibilityGlobals) = postSolution
		SolutionGuid = {873D2E20-9D80-4960-AAB6-18B9B9561841}
	EndGlobalSection
EndGlobal
